dependencies:
- name: minio
  repository: https://charts.min.io/
  version: 5.2.0
- name: loki
  repository: https://grafana.github.io/helm-charts
  version: 6.49.0
- name: alloy
  repository: https://grafana.github.io/helm-charts
  version: 1.5.1
digest: sha256:3169d61e2b93e9a04f47a749c78525faf700640016a3d71acedc1ea9a37063cc
generated: "2025-12-21T20:32:48.6869141+04:00"
